// !$*UTF8*$!
{
	archiveVersion = 1;
	classes = {
	};
	objectVersion = 55;
	objects = {

/* Begin PBXBuildFile section */
		40D1606728CC47B900E8879B /* AppDelegate.swift in Sources */ = {isa = PBXBuildFile; fileRef = 40D1606628CC47B900E8879B /* AppDelegate.swift */; };
		40D1606928CC47B900E8879B /* SceneDelegate.swift in Sources */ = {isa = PBXBuildFile; fileRef = 40D1606828CC47B900E8879B /* SceneDelegate.swift */; };
		40D1606B28CC47B900E8879B /* MainViewController.swift in Sources */ = {isa = PBXBuildFile; fileRef = 40D1606A28CC47B900E8879B /* MainViewController.swift */; };
		40D1606E28CC47B900E8879B /* Main.storyboard in Resources */ = {isa = PBXBuildFile; fileRef = 40D1606C28CC47B900E8879B /* Main.storyboard */; };
		40D1607028CC47BC00E8879B /* Assets.xcassets in Resources */ = {isa = PBXBuildFile; fileRef = 40D1606F28CC47BC00E8879B /* Assets.xcassets */; };
		40D1607328CC47BC00E8879B /* LaunchScreen.storyboard in Resources */ = {isa = PBXBuildFile; fileRef = 40D1607128CC47BC00E8879B /* LaunchScreen.storyboard */; };
		40D1607C28CC651E00E8879B /* WeatherCollectionViewCell.swift in Sources */ = {isa = PBXBuildFile; fileRef = 40D1607B28CC651E00E8879B /* WeatherCollectionViewCell.swift */; };
		40D1608728CC7D1F00E8879B /* NotoSansKR-Black.otf in Resources */ = {isa = PBXBuildFile; fileRef = 40D1608128CC7D1E00E8879B /* NotoSansKR-Black.otf */; };
		40D1608828CC7D1F00E8879B /* NotoSansKR-Light.otf in Resources */ = {isa = PBXBuildFile; fileRef = 40D1608228CC7D1E00E8879B /* NotoSansKR-Light.otf */; };
		40D1608928CC7D1F00E8879B /* NotoSansKR-Medium.otf in Resources */ = {isa = PBXBuildFile; fileRef = 40D1608328CC7D1E00E8879B /* NotoSansKR-Medium.otf */; };
		40D1608A28CC7D1F00E8879B /* NotoSansKR-Regular.otf in Resources */ = {isa = PBXBuildFile; fileRef = 40D1608428CC7D1F00E8879B /* NotoSansKR-Regular.otf */; };
		40D1608B28CC7D1F00E8879B /* NotoSansKR-Bold.otf in Resources */ = {isa = PBXBuildFile; fileRef = 40D1608528CC7D1F00E8879B /* NotoSansKR-Bold.otf */; };
		40D1608C28CC7D1F00E8879B /* NotoSansKR-Thin.otf in Resources */ = {isa = PBXBuildFile; fileRef = 40D1608628CC7D1F00E8879B /* NotoSansKR-Thin.otf */; };
		40D1608E28CC7DA600E8879B /* Const.swift in Sources */ = {isa = PBXBuildFile; fileRef = 40D1608D28CC7DA600E8879B /* Const.swift */; };
		40D1609028CC91B800E8879B /* DetailWeatherViewController.swift in Sources */ = {isa = PBXBuildFile; fileRef = 40D1608F28CC91B800E8879B /* DetailWeatherViewController.swift */; };
		40D1609428CCDF7F00E8879B /* WeatherData.swift in Sources */ = {isa = PBXBuildFile; fileRef = 40D1609328CCDF7F00E8879B /* WeatherData.swift */; };
		40D1609628CCE38F00E8879B /* WeatherManager.swift in Sources */ = {isa = PBXBuildFile; fileRef = 40D1609528CCE38F00E8879B /* WeatherManager.swift */; };
/* End PBXBuildFile section */

/* Begin PBXFileReference section */
		40D1606328CC47B900E8879B /* Weatherman.app */ = {isa = PBXFileReference; explicitFileType = wrapper.application; includeInIndex = 0; path = Weatherman.app; sourceTree = BUILT_PRODUCTS_DIR; };
		40D1606628CC47B900E8879B /* AppDelegate.swift */ = {isa = PBXFileReference; lastKnownFileType = sourcecode.swift; path = AppDelegate.swift; sourceTree = "<group>"; };
		40D1606828CC47B900E8879B /* SceneDelegate.swift */ = {isa = PBXFileReference; lastKnownFileType = sourcecode.swift; path = SceneDelegate.swift; sourceTree = "<group>"; };
		40D1606A28CC47B900E8879B /* MainViewController.swift */ = {isa = PBXFileReference; lastKnownFileType = sourcecode.swift; path = MainViewController.swift; sourceTree = "<group>"; };
		40D1606D28CC47B900E8879B /* Base */ = {isa = PBXFileReference; lastKnownFileType = file.storyboard; name = Base; path = Base.lproj/Main.storyboard; sourceTree = "<group>"; };
		40D1606F28CC47BC00E8879B /* Assets.xcassets */ = {isa = PBXFileReference; lastKnownFileType = folder.assetcatalog; path = Assets.xcassets; sourceTree = "<group>"; };
		40D1607228CC47BC00E8879B /* Base */ = {isa = PBXFileReference; lastKnownFileType = file.storyboard; name = Base; path = Base.lproj/LaunchScreen.storyboard; sourceTree = "<group>"; };
		40D1607428CC47BC00E8879B /* Info.plist */ = {isa = PBXFileReference; lastKnownFileType = text.plist.xml; path = Info.plist; sourceTree = "<group>"; };
		40D1607B28CC651E00E8879B /* WeatherCollectionViewCell.swift */ = {isa = PBXFileReference; lastKnownFileType = sourcecode.swift; path = WeatherCollectionViewCell.swift; sourceTree = "<group>"; };
		40D1608128CC7D1E00E8879B /* NotoSansKR-Black.otf */ = {isa = PBXFileReference; lastKnownFileType = file; path = "NotoSansKR-Black.otf"; sourceTree = "<group>"; };
		40D1608228CC7D1E00E8879B /* NotoSansKR-Light.otf */ = {isa = PBXFileReference; lastKnownFileType = file; path = "NotoSansKR-Light.otf"; sourceTree = "<group>"; };
		40D1608328CC7D1E00E8879B /* NotoSansKR-Medium.otf */ = {isa = PBXFileReference; lastKnownFileType = file; path = "NotoSansKR-Medium.otf"; sourceTree = "<group>"; };
		40D1608428CC7D1F00E8879B /* NotoSansKR-Regular.otf */ = {isa = PBXFileReference; lastKnownFileType = file; path = "NotoSansKR-Regular.otf"; sourceTree = "<group>"; };
		40D1608528CC7D1F00E8879B /* NotoSansKR-Bold.otf */ = {isa = PBXFileReference; lastKnownFileType = file; path = "NotoSansKR-Bold.otf"; sourceTree = "<group>"; };
		40D1608628CC7D1F00E8879B /* NotoSansKR-Thin.otf */ = {isa = PBXFileReference; lastKnownFileType = file; path = "NotoSansKR-Thin.otf"; sourceTree = "<group>"; };
		40D1608D28CC7DA600E8879B /* Const.swift */ = {isa = PBXFileReference; lastKnownFileType = sourcecode.swift; path = Const.swift; sourceTree = "<group>"; };
		40D1608F28CC91B800E8879B /* DetailWeatherViewController.swift */ = {isa = PBXFileReference; lastKnownFileType = sourcecode.swift; path = DetailWeatherViewController.swift; sourceTree = "<group>"; };
		40D1609328CCDF7F00E8879B /* WeatherData.swift */ = {isa = PBXFileReference; lastKnownFileType = sourcecode.swift; path = WeatherData.swift; sourceTree = "<group>"; };
		40D1609528CCE38F00E8879B /* WeatherManager.swift */ = {isa = PBXFileReference; lastKnownFileType = sourcecode.swift; path = WeatherManager.swift; sourceTree = "<group>"; };
/* End PBXFileReference section */

/* Begin PBXFrameworksBuildPhase section */
		40D1606028CC47B900E8879B /* Frameworks */ = {
			isa = PBXFrameworksBuildPhase;
			buildActionMask = 2147483647;
			files = (
			);
			runOnlyForDeploymentPostprocessing = 0;
		};
/* End PBXFrameworksBuildPhase section */

/* Begin PBXGroup section */
		40D1605A28CC47B900E8879B = {
			isa = PBXGroup;
			children = (
				40D1606528CC47B900E8879B /* Weatherman */,
				40D1606428CC47B900E8879B /* Products */,
			);
			sourceTree = "<group>";
		};
		40D1606428CC47B900E8879B /* Products */ = {
			isa = PBXGroup;
			children = (
				40D1606328CC47B900E8879B /* Weatherman.app */,
			);
			name = Products;
			sourceTree = "<group>";
		};
		40D1606528CC47B900E8879B /* Weatherman */ = {
			isa = PBXGroup;
			children = (
				40D1606628CC47B900E8879B /* AppDelegate.swift */,
				40D1606828CC47B900E8879B /* SceneDelegate.swift */,
				40D1607F28CC752400E8879B /* Models */,
				40D1607E28CC656600E8879B /* Views */,
				40D1607A28CC64F700E8879B /* Controllers */,
				40D1606C28CC47B900E8879B /* Main.storyboard */,
				40D1606F28CC47BC00E8879B /* Assets.xcassets */,
				40D1607128CC47BC00E8879B /* LaunchScreen.storyboard */,
				40D1607428CC47BC00E8879B /* Info.plist */,
				40D1608028CC7D0400E8879B /* Fonts */,
			);
			path = Weatherman;
			sourceTree = "<group>";
		};
		40D1607A28CC64F700E8879B /* Controllers */ = {
			isa = PBXGroup;
			children = (
				40D1606A28CC47B900E8879B /* MainViewController.swift */,
				40D1608F28CC91B800E8879B /* DetailWeatherViewController.swift */,
			);
			path = Controllers;
			sourceTree = "<group>";
		};
		40D1607D28CC652500E8879B /* Cells */ = {
			isa = PBXGroup;
			children = (
				40D1607B28CC651E00E8879B /* WeatherCollectionViewCell.swift */,
			);
			path = Cells;
			sourceTree = "<group>";
		};
		40D1607E28CC656600E8879B /* Views */ = {
			isa = PBXGroup;
			children = (
				40D1607D28CC652500E8879B /* Cells */,
			);
			path = Views;
			sourceTree = "<group>";
		};
		40D1607F28CC752400E8879B /* Models */ = {
			isa = PBXGroup;
			children = (
				40D1608D28CC7DA600E8879B /* Const.swift */,
				40D1609328CCDF7F00E8879B /* WeatherData.swift */,
				40D1609528CCE38F00E8879B /* WeatherManager.swift */,
			);
			path = Models;
			sourceTree = "<group>";
		};
		40D1608028CC7D0400E8879B /* Fonts */ = {
			isa = PBXGroup;
			children = (
				40D1608128CC7D1E00E8879B /* NotoSansKR-Black.otf */,
				40D1608528CC7D1F00E8879B /* NotoSansKR-Bold.otf */,
				40D1608228CC7D1E00E8879B /* NotoSansKR-Light.otf */,
				40D1608328CC7D1E00E8879B /* NotoSansKR-Medium.otf */,
				40D1608428CC7D1F00E8879B /* NotoSansKR-Regular.otf */,
				40D1608628CC7D1F00E8879B /* NotoSansKR-Thin.otf */,
			);
			path = Fonts;
			sourceTree = "<group>";
		};
/* End PBXGroup section */

/* Begin PBXNativeTarget section */
		40D1606228CC47B900E8879B /* Weatherman */ = {
			isa = PBXNativeTarget;
			buildConfigurationList = 40D1607728CC47BC00E8879B /* Build configuration list for PBXNativeTarget "Weatherman" */;
			buildPhases = (
				40D1605F28CC47B900E8879B /* Sources */,
				40D1606028CC47B900E8879B /* Frameworks */,
				40D1606128CC47B900E8879B /* Resources */,
			);
			buildRules = (
			);
			dependencies = (
			);
			name = Weatherman;
			productName = Weatherman;
			productReference = 40D1606328CC47B900E8879B /* Weatherman.app */;
			productType = "com.apple.product-type.application";
		};
/* End PBXNativeTarget section */

/* Begin PBXProject section */
		40D1605B28CC47B900E8879B /* Project object */ = {
			isa = PBXProject;
			attributes = {
				BuildIndependentTargetsInParallel = 1;
				LastSwiftUpdateCheck = 1340;
				LastUpgradeCheck = 1340;
				TargetAttributes = {
					40D1606228CC47B900E8879B = {
						CreatedOnToolsVersion = 13.4.1;
					};
				};
			};
			buildConfigurationList = 40D1605E28CC47B900E8879B /* Build configuration list for PBXProject "Weatherman" */;
			compatibilityVersion = "Xcode 13.0";
			developmentRegion = en;
			hasScannedForEncodings = 0;
			knownRegions = (
				en,
				Base,
			);
			mainGroup = 40D1605A28CC47B900E8879B;
			productRefGroup = 40D1606428CC47B900E8879B /* Products */;
			projectDirPath = "";
			projectRoot = "";
			targets = (
				40D1606228CC47B900E8879B /* Weatherman */,
			);
		};
/* End PBXProject section */

/* Begin PBXResourcesBuildPhase section */
		40D1606128CC47B900E8879B /* Resources */ = {
			isa = PBXResourcesBuildPhase;
			buildActionMask = 2147483647;
			files = (
				40D1608C28CC7D1F00E8879B /* NotoSansKR-Thin.otf in Resources */,
				40D1608928CC7D1F00E8879B /* NotoSansKR-Medium.otf in Resources */,
				40D1607328CC47BC00E8879B /* LaunchScreen.storyboard in Resources */,
				40D1608B28CC7D1F00E8879B /* NotoSansKR-Bold.otf in Resources */,
				40D1608828CC7D1F00E8879B /* NotoSansKR-Light.otf in Resources */,
				40D1607028CC47BC00E8879B /* Assets.xcassets in Resources */,
				40D1606E28CC47B900E8879B /* Main.storyboard in Resources */,
				40D1608728CC7D1F00E8879B /* NotoSansKR-Black.otf in Resources */,
				40D1608A28CC7D1F00E8879B /* NotoSansKR-Regular.otf in Resources */,
			);
			runOnlyForDeploymentPostprocessing = 0;
		};
/* End PBXResourcesBuildPhase section */

/* Begin PBXSourcesBuildPhase section */
		40D1605F28CC47B900E8879B /* Sources */ = {
			isa = PBXSourcesBuildPhase;
			buildActionMask = 2147483647;
			files = (
				40D1609028CC91B800E8879B /* DetailWeatherViewController.swift in Sources */,
				40D1606B28CC47B900E8879B /* MainViewController.swift in Sources */,
				40D1609628CCE38F00E8879B /* WeatherManager.swift in Sources */,
				40D1609428CCDF7F00E8879B /* WeatherData.swift in Sources */,
				40D1607C28CC651E00E8879B /* WeatherCollectionViewCell.swift in Sources */,
				40D1606728CC47B900E8879B /* AppDelegate.swift in Sources */,
				40D1606928CC47B900E8879B /* SceneDelegate.swift in Sources */,
				40D1608E28CC7DA600E8879B /* Const.swift in Sources */,
			);
			runOnlyForDeploymentPostprocessing = 0;
		};
/* End PBXSourcesBuildPhase section */

/* Begin PBXVariantGroup section */
		40D1606C28CC47B900E8879B /* Main.storyboard */ = {
			isa = PBXVariantGroup;
			children = (
				40D1606D28CC47B900E8879B /* Base */,
			);
			name = Main.storyboard;
			sourceTree = "<group>";
		};
		40D1607128CC47BC00E8879B /* LaunchScreen.storyboard */ = {
			isa = PBXVariantGroup;
			children = (
				40D1607228CC47BC00E8879B /* Base */,
			);
			name = LaunchScreen.storyboard;
			sourceTree = "<group>";
		};
/* End PBXVariantGroup section */

/* Begin XCBuildConfiguration section */
		40D1607528CC47BC00E8879B /* Debug */ = {
			isa = XCBuildConfiguration;
			buildSettings = {
				ALWAYS_SEARCH_USER_PATHS = NO;
				CLANG_ANALYZER_NONNULL = YES;
				CLANG_ANALYZER_NUMBER_OBJECT_CONVERSION = YES_AGGRESSIVE;
				CLANG_CXX_LANGUAGE_STANDARD = "gnu++17";
				CLANG_ENABLE_MODULES = YES;
				CLANG_ENABLE_OBJC_ARC = YES;
				CLANG_ENABLE_OBJC_WEAK = YES;
				CLANG_WARN_BLOCK_CAPTURE_AUTORELEASING = YES;
				CLANG_WARN_BOOL_CONVERSION = YES;
				CLANG_WARN_COMMA = YES;
				CLANG_WARN_CONSTANT_CONVERSION = YES;
				CLANG_WARN_DEPRECATED_OBJC_IMPLEMENTATIONS = YES;
				CLANG_WARN_DIRECT_OBJC_ISA_USAGE = YES_ERROR;
				CLANG_WARN_DOCUMENTATION_COMMENTS = YES;
				CLANG_WARN_EMPTY_BODY = YES;
				CLANG_WARN_ENUM_CONVERSION = YES;
				CLANG_WARN_INFINITE_RECURSION = YES;
				CLANG_WARN_INT_CONVERSION = YES;
				CLANG_WARN_NON_LITERAL_NULL_CONVERSION = YES;
				CLANG_WARN_OBJC_IMPLICIT_RETAIN_SELF = YES;
				CLANG_WARN_OBJC_LITERAL_CONVERSION = YES;
				CLANG_WARN_OBJC_ROOT_CLASS = YES_ERROR;
				CLANG_WARN_QUOTED_INCLUDE_IN_FRAMEWORK_HEADER = YES;
				CLANG_WARN_RANGE_LOOP_ANALYSIS = YES;
				CLANG_WARN_STRICT_PROTOTYPES = YES;
				CLANG_WARN_SUSPICIOUS_MOVE = YES;
				CLANG_WARN_UNGUARDED_AVAILABILITY = YES_AGGRESSIVE;
				CLANG_WARN_UNREACHABLE_CODE = YES;
				CLANG_WARN__DUPLICATE_METHOD_MATCH = YES;
				COPY_PHASE_STRIP = NO;
				DEBUG_INFORMATION_FORMAT = dwarf;
				ENABLE_STRICT_OBJC_MSGSEND = YES;
				ENABLE_TESTABILITY = YES;
				GCC_C_LANGUAGE_STANDARD = gnu11;
				GCC_DYNAMIC_NO_PIC = NO;
				GCC_NO_COMMON_BLOCKS = YES;
				GCC_OPTIMIZATION_LEVEL = 0;
				GCC_PREPROCESSOR_DEFINITIONS = (
					"DEBUG=1",
					"$(inherited)",
				);
				GCC_WARN_64_TO_32_BIT_CONVERSION = YES;
				GCC_WARN_ABOUT_RETURN_TYPE = YES_ERROR;
				GCC_WARN_UNDECLARED_SELECTOR = YES;
				GCC_WARN_UNINITIALIZED_AUTOS = YES_AGGRESSIVE;
				GCC_WARN_UNUSED_FUNCTION = YES;
				GCC_WARN_UNUSED_VARIABLE = YES;
				IPHONEOS_DEPLOYMENT_TARGET = 15.5;
				MTL_ENABLE_DEBUG_INFO = INCLUDE_SOURCE;
				MTL_FAST_MATH = YES;
				ONLY_ACTIVE_ARCH = YES;
				SDKROOT = iphoneos;
				SWIFT_ACTIVE_COMPILATION_CONDITIONS = DEBUG;
				SWIFT_OPTIMIZATION_LEVEL = "-Onone";
			};
			name = Debug;
		};
		40D1607628CC47BC00E8879B /* Release */ = {
			isa = XCBuildConfiguration;
			buildSettings = {
				ALWAYS_SEARCH_USER_PATHS = NO;
				CLANG_ANALYZER_NONNULL = YES;
				CLANG_ANALYZER_NUMBER_OBJECT_CONVERSION = YES_AGGRESSIVE;
				CLANG_CXX_LANGUAGE_STANDARD = "gnu++17";
				CLANG_ENABLE_MODULES = YES;
				CLANG_ENABLE_OBJC_ARC = YES;
				CLANG_ENABLE_OBJC_WEAK = YES;
				CLANG_WARN_BLOCK_CAPTURE_AUTORELEASING = YES;
				CLANG_WARN_BOOL_CONVERSION = YES;
				CLANG_WARN_COMMA = YES;
				CLANG_WARN_CONSTANT_CONVERSION = YES;
				CLANG_WARN_DEPRECATED_OBJC_IMPLEMENTATIONS = YES;
				CLANG_WARN_DIRECT_OBJC_ISA_USAGE = YES_ERROR;
				CLANG_WARN_DOCUMENTATION_COMMENTS = YES;
				CLANG_WARN_EMPTY_BODY = YES;
				CLANG_WARN_ENUM_CONVERSION = YES;
				CLANG_WARN_INFINITE_RECURSION = YES;
				CLANG_WARN_INT_CONVERSION = YES;
				CLANG_WARN_NON_LITERAL_NULL_CONVERSION = YES;
				CLANG_WARN_OBJC_IMPLICIT_RETAIN_SELF = YES;
				CLANG_WARN_OBJC_LITERAL_CONVERSION = YES;
				CLANG_WARN_OBJC_ROOT_CLASS = YES_ERROR;
				CLANG_WARN_QUOTED_INCLUDE_IN_FRAMEWORK_HEADER = YES;
				CLANG_WARN_RANGE_LOOP_ANALYSIS = YES;
				CLANG_WARN_STRICT_PROTOTYPES = YES;
				CLANG_WARN_SUSPICIOUS_MOVE = YES;
				CLANG_WARN_UNGUARDED_AVAILABILITY = YES_AGGRESSIVE;
				CLANG_WARN_UNREACHABLE_CODE = YES;
				CLANG_WARN__DUPLICATE_METHOD_MATCH = YES;
				COPY_PHASE_STRIP = NO;
				DEBUG_INFORMATION_FORMAT = "dwarf-with-dsym";
				ENABLE_NS_ASSERTIONS = NO;
				ENABLE_STRICT_OBJC_MSGSEND = YES;
				GCC_C_LANGUAGE_STANDARD = gnu11;
				GCC_NO_COMMON_BLOCKS = YES;
				GCC_WARN_64_TO_32_BIT_CONVERSION = YES;
				GCC_WARN_ABOUT_RETURN_TYPE = YES_ERROR;
				GCC_WARN_UNDECLARED_SELECTOR = YES;
				GCC_WARN_UNINITIALIZED_AUTOS = YES_AGGRESSIVE;
				GCC_WARN_UNUSED_FUNCTION = YES;
				GCC_WARN_UNUSED_VARIABLE = YES;
				IPHONEOS_DEPLOYMENT_TARGET = 15.5;
				MTL_ENABLE_DEBUG_INFO = NO;
				MTL_FAST_MATH = YES;
				SDKROOT = iphoneos;
				SWIFT_COMPILATION_MODE = wholemodule;
				SWIFT_OPTIMIZATION_LEVEL = "-O";
				VALIDATE_PRODUCT = YES;
			};
			name = Release;
		};
		40D1607828CC47BC00E8879B /* Debug */ = {
			isa = XCBuildConfiguration;
			buildSettings = {
				ASSETCATALOG_COMPILER_APPICON_NAME = AppIcon;
				ASSETCATALOG_COMPILER_GLOBAL_ACCENT_COLOR_NAME = AccentColor;
				CODE_SIGN_STYLE = Automatic;
				CURRENT_PROJECT_VERSION = 1;
				DEVELOPMENT_TEAM = LUWV8MGR47;
				GENERATE_INFOPLIST_FILE = YES;
				INFOPLIST_FILE = Weatherman/Info.plist;
				INFOPLIST_KEY_UIApplicationSupportsIndirectInputEvents = YES;
				INFOPLIST_KEY_UILaunchStoryboardName = LaunchScreen;
				INFOPLIST_KEY_UIMainStoryboardFile = Main;
				INFOPLIST_KEY_UISupportedInterfaceOrientations_iPad = "UIInterfaceOrientationPortrait UIInterfaceOrientationPortraitUpsideDown UIInterfaceOrientationLandscapeLeft UIInterfaceOrientationLandscapeRight";
				INFOPLIST_KEY_UISupportedInterfaceOrientations_iPhone = "UIInterfaceOrientationPortrait UIInterfaceOrientationLandscapeLeft UIInterfaceOrientationLandscapeRight";
				LD_RUNPATH_SEARCH_PATHS = (
					"$(inherited)",
					"@executable_path/Frameworks",
				);
				MARKETING_VERSION = 1.0;
				PRODUCT_BUNDLE_IDENTIFIER = com.beeem.Weatherman;
				PRODUCT_NAME = "$(TARGET_NAME)";
				SWIFT_EMIT_LOC_STRINGS = YES;
				SWIFT_VERSION = 5.0;
				TARGETED_DEVICE_FAMILY = "1,2";
			};
			name = Debug;
		};
		40D1607928CC47BC00E8879B /* Release */ = {
			isa = XCBuildConfiguration;
			buildSettings = {
				ASSETCATALOG_COMPILER_APPICON_NAME = AppIcon;
				ASSETCATALOG_COMPILER_GLOBAL_ACCENT_COLOR_NAME = AccentColor;
				CODE_SIGN_STYLE = Automatic;
				CURRENT_PROJECT_VERSION = 1;
				DEVELOPMENT_TEAM = LUWV8MGR47;
				GENERATE_INFOPLIST_FILE = YES;
				INFOPLIST_FILE = Weatherman/Info.plist;
				INFOPLIST_KEY_UIApplicationSupportsIndirectInputEvents = YES;
				INFOPLIST_KEY_UILaunchStoryboardName = LaunchScreen;
				INFOPLIST_KEY_UIMainStoryboardFile = Main;
				INFOPLIST_KEY_UISupportedInterfaceOrientations_iPad = "UIInterfaceOrientationPortrait UIInterfaceOrientationPortraitUpsideDown UIInterfaceOrientationLandscapeLeft UIInterfaceOrientationLandscapeRight";
				INFOPLIST_KEY_UISupportedInterfaceOrientations_iPhone = "UIInterfaceOrientationPortrait UIInterfaceOrientationLandscapeLeft UIInterfaceOrientationLandscapeRight";
				LD_RUNPATH_SEARCH_PATHS = (
					"$(inherited)",
					"@executable_path/Frameworks",
				);
				MARKETING_VERSION = 1.0;
				PRODUCT_BUNDLE_IDENTIFIER = com.beeem.Weatherman;
				PRODUCT_NAME = "$(TARGET_NAME)";
				SWIFT_EMIT_LOC_STRINGS = YES;
				SWIFT_VERSION = 5.0;
				TARGETED_DEVICE_FAMILY = "1,2";
			};
			name = Release;
		};
/* End XCBuildConfiguration section */

/* Begin XCConfigurationList section */
		40D1605E28CC47B900E8879B /* Build configuration list for PBXProject "Weatherman" */ = {
			isa = XCConfigurationList;
			buildConfigurations = (
				40D1607528CC47BC00E8879B /* Debug */,
				40D1607628CC47BC00E8879B /* Release */,
			);
			defaultConfigurationIsVisible = 0;
			defaultConfigurationName = Release;
		};
		40D1607728CC47BC00E8879B /* Build configuration list for PBXNativeTarget "Weatherman" */ = {
			isa = XCConfigurationList;
			buildConfigurations = (
				40D1607828CC47BC00E8879B /* Debug */,
				40D1607928CC47BC00E8879B /* Release */,
			);
			defaultConfigurationIsVisible = 0;
			defaultConfigurationName = Release;
		};
/* End XCConfigurationList section */
	};
	rootObject = 40D1605B28CC47B900E8879B /* Project object */;
}
